
Microsoft Visual Studio Solution File, Format Version 12.00
# Visual Studio Version 17
VisualStudioVersion = 17.14.36811.4
MinimumVisualStudioVersion = 10.0.40219.1
Project("{FAE04EC0-301F-11D3-BF4B-00C04F79EFBC}") = "LibraryApp", "LibraryApp.csproj", "{2D60ED0B-4A2C-43EB-B5CA-FC0A3EE72E80}"
EndProject
Global
	GlobalSection(SolutionConfigurationPlatforms) = preSolution
		Debug|Any CPU = Debug|Any CPU
		Release|Any CPU = Release|Any CPU
	EndGlobalSection
	GlobalSection(ProjectConfigurationPlatforms) = postSolution
		{2D60ED0B-4A2C-43EB-B5CA-FC0A3EE72E80}.Debug|Any CPU.ActiveCfg = Debug|Any CPU
		{2D60ED0B-4A2C-43EB-B5CA-FC0A3EE72E80}.Debug|Any CPU.Build.0 = Debug|Any CPU
		{2D60ED0B-4A2C-43EB-B5CA-FC0A3EE72E80}.Release|Any CPU.ActiveCfg = Release|Any CPU
		{2D60ED0B-4A2C-43EB-B5CA-FC0A3EE72E80}.Release|Any CPU.Build.0 = Release|Any CPU
	EndGlobalSection
	GlobalSection(SolutionProperties) = preSolution
		HideSolutionNode = FALSE
	EndGlobalSection
	GlobalSection(ExtensibilityGlobals) = postSolution
		SolutionGuid = {5DD91059-2BCC-43F5-8647-C044CA1F8032}
	EndGlobalSection
EndGlobal
